
Microsoft Visual Studio Solution File, Format Version 12.00
Project("{FAE04EC0-301F-11D3-BF4B-00C04F79EFBC}") = "Segugio", "Segugio\Segugio.csproj", "{7D791D40-F35F-4984-82D2-23BFA52C549C}"
EndProject
Project("{FAE04EC0-301F-11D3-BF4B-00C04F79EFBC}") = "SyslogServer", "SyslogServer\SyslogServer.csproj", "{A34D48CC-52A9-4097-AE90-1DF23DB6278C}"
EndProject
Project("{2150E333-8FDC-42A3-9474-1A3956D46DE8}") = "Utility", "Utility", "{8738DFE4-B4BE-4EAE-9209-A6520970B03C}"
EndProject
Project("{2150E333-8FDC-42A3-9474-1A3956D46DE8}") = "Library", "Library", "{6E216C48-B2BF-456F-9017-0EF92BAE6FA2}"
EndProject
Project("{FAE04EC0-301F-11D3-BF4B-00C04F79EFBC}") = "SenderClient", "SenderClient\SenderClient.csproj", "{5D1654A9-D742-4FCC-B47D-87FC80368BC5}"
EndProject
Global
	GlobalSection(SolutionConfigurationPlatforms) = preSolution
		Debug|Any CPU = Debug|Any CPU
		Release|Any CPU = Release|Any CPU
	EndGlobalSection
	GlobalSection(ProjectConfigurationPlatforms) = postSolution
		{7D791D40-F35F-4984-82D2-23BFA52C549C}.Debug|Any CPU.ActiveCfg = Debug|Any CPU
		{7D791D40-F35F-4984-82D2-23BFA52C549C}.Debug|Any CPU.Build.0 = Debug|Any CPU
		{7D791D40-F35F-4984-82D2-23BFA52C549C}.Release|Any CPU.ActiveCfg = Release|Any CPU
		{7D791D40-F35F-4984-82D2-23BFA52C549C}.Release|Any CPU.Build.0 = Release|Any CPU
		{A34D48CC-52A9-4097-AE90-1DF23DB6278C}.Debug|Any CPU.ActiveCfg = Debug|Any CPU
		{A34D48CC-52A9-4097-AE90-1DF23DB6278C}.Debug|Any CPU.Build.0 = Debug|Any CPU
		{A34D48CC-52A9-4097-AE90-1DF23DB6278C}.Release|Any CPU.ActiveCfg = Release|Any CPU
		{A34D48CC-52A9-4097-AE90-1DF23DB6278C}.Release|Any CPU.Build.0 = Release|Any CPU
		{5D1654A9-D742-4FCC-B47D-87FC80368BC5}.Debug|Any CPU.ActiveCfg = Debug|Any CPU
		{5D1654A9-D742-4FCC-B47D-87FC80368BC5}.Debug|Any CPU.Build.0 = Debug|Any CPU
		{5D1654A9-D742-4FCC-B47D-87FC80368BC5}.Release|Any CPU.ActiveCfg = Release|Any CPU
		{5D1654A9-D742-4FCC-B47D-87FC80368BC5}.Release|Any CPU.Build.0 = Release|Any CPU
	EndGlobalSection
	GlobalSection(NestedProjects) = preSolution
		{A34D48CC-52A9-4097-AE90-1DF23DB6278C} = {8738DFE4-B4BE-4EAE-9209-A6520970B03C}
		{7D791D40-F35F-4984-82D2-23BFA52C549C} = {6E216C48-B2BF-456F-9017-0EF92BAE6FA2}
		{5D1654A9-D742-4FCC-B47D-87FC80368BC5} = {8738DFE4-B4BE-4EAE-9209-A6520970B03C}
	EndGlobalSection
EndGlobal
